// !$*UTF8*$!
{
	archiveVersion = 1;
	classes = {
	};
	objectVersion = 48;
	objects = {

/* Begin PBXBuildFile section */
		417A74DE4FD59F8731730D44 /* Pods_HowMuch.framework in Frameworks */ = {isa = PBXBuildFile; fileRef = D0B478BE9529A10BB90CE361 /* Pods_HowMuch.framework */; };
		5E1A7C10B732481A2D9659CC /* Pods_HowMuchTests.framework in Frameworks */ = {isa = PBXBuildFile; fileRef = 937431F07A095D3F0BDD5923 /* Pods_HowMuchTests.framework */; };
		9B5A1CC52018DBB80056D6DB /* SourceCurrencyView.swift in Sources */ = {isa = PBXBuildFile; fileRef = 9B5A1CC42018DBB80056D6DB /* SourceCurrencyView.swift */; };
		9B5A1CC72018DBC40056D6DB /* ResultCurrencyView.swift in Sources */ = {isa = PBXBuildFile; fileRef = 9B5A1CC62018DBC40056D6DB /* ResultCurrencyView.swift */; };
		9B5A1CC92018DC7C0056D6DB /* UIColor+Extension.swift in Sources */ = {isa = PBXBuildFile; fileRef = 9B5A1CC82018DC7C0056D6DB /* UIColor+Extension.swift */; };
		9B5A1CCB2018E0670056D6DB /* String+Extension.swift in Sources */ = {isa = PBXBuildFile; fileRef = 9B5A1CCA2018E0670056D6DB /* String+Extension.swift */; };
		9B5A1CCD2018EDEA0056D6DB /* DisabledCameraView.swift in Sources */ = {isa = PBXBuildFile; fileRef = 9B5A1CCC2018EDEA0056D6DB /* DisabledCameraView.swift */; };
		9B5A1CCF2018F3F40056D6DB /* CrossView.swift in Sources */ = {isa = PBXBuildFile; fileRef = 9B5A1CCE2018F3F40056D6DB /* CrossView.swift */; };
		9B5A1CD1201A3DB70056D6DB /* ToolbarReturn.swift in Sources */ = {isa = PBXBuildFile; fileRef = 9B5A1CD0201A3DB70056D6DB /* ToolbarReturn.swift */; };
		9B64E46B202B48B100D28C4E /* SelectCurrencyViewController.swift in Sources */ = {isa = PBXBuildFile; fileRef = 9B64E46A202B48B100D28C4E /* SelectCurrencyViewController.swift */; };
		9B64E46D202B48C000D28C4E /* CurrencyViewCell.swift in Sources */ = {isa = PBXBuildFile; fileRef = 9B64E46C202B48C000D28C4E /* CurrencyViewCell.swift */; };
		9B64E46F202CA74800D28C4E /* StoreSubcriber+Extention.swift in Sources */ = {isa = PBXBuildFile; fileRef = 9B64E46E202CA74800D28C4E /* StoreSubcriber+Extention.swift */; };
		9B6FEAA62002A53100CEF94F /* tessdata in Resources */ = {isa = PBXBuildFile; fileRef = 9B6FEAA02002A53100CEF94F /* tessdata */; };
		9B6FEAA82002A53100CEF94F /* AppDelegate.swift in Sources */ = {isa = PBXBuildFile; fileRef = 9B6FEAA22002A53100CEF94F /* AppDelegate.swift */; };
		9B6FEAA92002A53100CEF94F /* Assets.xcassets in Resources */ = {isa = PBXBuildFile; fileRef = 9B6FEAA32002A53100CEF94F /* Assets.xcassets */; };
		9B6FEAAA2002A53100CEF94F /* Info.plist in Resources */ = {isa = PBXBuildFile; fileRef = 9B6FEAA42002A53100CEF94F /* Info.plist */; };
		9B6FEAC42002A79200CEF94F /* LaunchScreen.storyboard in Resources */ = {isa = PBXBuildFile; fileRef = 9B6FEAC02002A79100CEF94F /* LaunchScreen.storyboard */; };
		9B6FEAD72005482300CEF94F /* CurrencyService.swift in Sources */ = {isa = PBXBuildFile; fileRef = 9B6FEAD62005482300CEF94F /* CurrencyService.swift */; };
		9B6FEAD92005482A00CEF94F /* RecognizerViewController.swift in Sources */ = {isa = PBXBuildFile; fileRef = 9B6FEAD82005482A00CEF94F /* RecognizerViewController.swift */; };
		9B6FEADB2005483100CEF94F /* CurrencyModel.swift in Sources */ = {isa = PBXBuildFile; fileRef = 9B6FEADA2005483100CEF94F /* CurrencyModel.swift */; };
		9B6FEADE200932B500CEF94F /* CGPoint+Extention.swift in Sources */ = {isa = PBXBuildFile; fileRef = 9B6FEADD200932B500CEF94F /* CGPoint+Extention.swift */; };
		9B6FEAE0200932CD00CEF94F /* CGRect+Extention.swift in Sources */ = {isa = PBXBuildFile; fileRef = 9B6FEADF200932CD00CEF94F /* CGRect+Extention.swift */; };
		9B6FEAE220093FAE00CEF94F /* SettingsViewController.swift in Sources */ = {isa = PBXBuildFile; fileRef = 9B6FEAE120093FAE00CEF94F /* SettingsViewController.swift */; };
		9B6FEAE52009419200CEF94F /* SelectCurrencyCellView.swift in Sources */ = {isa = PBXBuildFile; fileRef = 9B6FEAE42009419200CEF94F /* SelectCurrencyCellView.swift */; };
		9B6FEAE720094A1000CEF94F /* CheckRecognizeFloatViewCell.swift in Sources */ = {isa = PBXBuildFile; fileRef = 9B6FEAE620094A1000CEF94F /* CheckRecognizeFloatViewCell.swift */; };
		9B6FEAEF2009F08600CEF94F /* HowMuchTests.swift in Sources */ = {isa = PBXBuildFile; fileRef = 9B6FEAEE2009F08600CEF94F /* HowMuchTests.swift */; };
		9B6FEAF72009F0A900CEF94F /* CurencyProviderTests.swift in Sources */ = {isa = PBXBuildFile; fileRef = 9B6FEAF62009F0A900CEF94F /* CurencyProviderTests.swift */; };
		9B6FEAF9200A0EE500CEF94F /* SettingsService.swift in Sources */ = {isa = PBXBuildFile; fileRef = 9B6FEAF8200A0EE500CEF94F /* SettingsService.swift */; };
		9B6FEAFE200A1C5E00CEF94F /* ConvertPanelView.swift in Sources */ = {isa = PBXBuildFile; fileRef = 9B6FEAFD200A1C5E00CEF94F /* ConvertPanelView.swift */; };
		9B7FB253201DC4750031EFDC /* AppState.swift in Sources */ = {isa = PBXBuildFile; fileRef = 9B7FB252201DC4750031EFDC /* AppState.swift */; };
		9B7FB255201DC4C90031EFDC /* SettingsState.swift in Sources */ = {isa = PBXBuildFile; fileRef = 9B7FB254201DC4C90031EFDC /* SettingsState.swift */; };
		9B7FB258201DC4E20031EFDC /* CurrencyRatesState.swift in Sources */ = {isa = PBXBuildFile; fileRef = 9B7FB257201DC4E20031EFDC /* CurrencyRatesState.swift */; };
		9B7FB25A201DC5540031EFDC /* RecognizingState.swift in Sources */ = {isa = PBXBuildFile; fileRef = 9B7FB259201DC5540031EFDC /* RecognizingState.swift */; };
		9B7FB25C201DC5E80031EFDC /* AppReducer.swift in Sources */ = {isa = PBXBuildFile; fileRef = 9B7FB25B201DC5E80031EFDC /* AppReducer.swift */; };
		9B7FB25E201DC7550031EFDC /* SettingsReducer.swift in Sources */ = {isa = PBXBuildFile; fileRef = 9B7FB25D201DC7550031EFDC /* SettingsReducer.swift */; };
		9B7FB260201DC7650031EFDC /* CurrencyRatesReducer.swift in Sources */ = {isa = PBXBuildFile; fileRef = 9B7FB25F201DC7650031EFDC /* CurrencyRatesReducer.swift */; };
		9B7FB262201DC79B0031EFDC /* RecognizingReducer.swift in Sources */ = {isa = PBXBuildFile; fileRef = 9B7FB261201DC79B0031EFDC /* RecognizingReducer.swift */; };
		9B7FB264201DCE550031EFDC /* RecognizingActions.swift in Sources */ = {isa = PBXBuildFile; fileRef = 9B7FB263201DCE550031EFDC /* RecognizingActions.swift */; };
		9B7FB266201DD2160031EFDC /* CurrencyRatesMiddleware.swift in Sources */ = {isa = PBXBuildFile; fileRef = 9B7FB265201DD2160031EFDC /* CurrencyRatesMiddleware.swift */; };
		9B7FB268201DD2680031EFDC /* SettingsMiddleware.swift in Sources */ = {isa = PBXBuildFile; fileRef = 9B7FB267201DD2680031EFDC /* SettingsMiddleware.swift */; };
		9B7FB26A201DDB020031EFDC /* SettingsActions.swift in Sources */ = {isa = PBXBuildFile; fileRef = 9B7FB269201DDB020031EFDC /* SettingsActions.swift */; };
		9B7FB26D201DF3AB0031EFDC /* CurrencyRatesActoins.swift in Sources */ = {isa = PBXBuildFile; fileRef = 9B7FB26C201DF3AB0031EFDC /* CurrencyRatesActoins.swift */; };
		9B7FB2712020E2C60031EFDC /* LoggingMiddleware.swift in Sources */ = {isa = PBXBuildFile; fileRef = 9B7FB2702020E2C60031EFDC /* LoggingMiddleware.swift */; };
		9B7FB2742020E74B0031EFDC /* CreateSetValuesAction.swift in Sources */ = {isa = PBXBuildFile; fileRef = 9B7FB2732020E74B0031EFDC /* CreateSetValuesAction.swift */; };
		9B9D60D620270525002BD5F7 /* Action+Extention.swift in Sources */ = {isa = PBXBuildFile; fileRef = 9B9D60D520270525002BD5F7 /* Action+Extention.swift */; };
		9B9E2244200FC2220026122B /* ObserverList.swift in Sources */ = {isa = PBXBuildFile; fileRef = 9B9E2243200FC2220026122B /* ObserverList.swift */; };
		9B9FE61720016406001AC1E8 /* libstdc++.tbd in Frameworks */ = {isa = PBXBuildFile; fileRef = 9B9FE61620016406001AC1E8 /* libstdc++.tbd */; };
		9B9FE61920016410001AC1E8 /* CoreImage.framework in Frameworks */ = {isa = PBXBuildFile; fileRef = 9B9FE61820016410001AC1E8 /* CoreImage.framework */; };
		9B9FE61A20016421001AC1E8 /* TesseractOCR.framework in Frameworks */ = {isa = PBXBuildFile; fileRef = 9B9FE61B20016421001AC1E8 /* TesseractOCR.framework */; };
		9BA3A27A2035FA520017A448 /* Colors.swift in Sources */ = {isa = PBXBuildFile; fileRef = 9BA3A2792035FA520017A448 /* Colors.swift */; };
		9BA3A27F20373EFB0017A448 /* Localizable.strings in Resources */ = {isa = PBXBuildFile; fileRef = 9BA3A27D20373EFB0017A448 /* Localizable.strings */; };
		9BA3A284203C92560017A448 /* StoreReviewHelper.swift in Sources */ = {isa = PBXBuildFile; fileRef = 9BA3A283203C92560017A448 /* StoreReviewHelper.swift */; };
		9BA3A287203DDEB90017A448 /* PurchaseHelper.swift in Sources */ = {isa = PBXBuildFile; fileRef = 9BA3A286203DDEB90017A448 /* PurchaseHelper.swift */; };
		9BA3A289203DDF100017A448 /* StoreKit.framework in Frameworks */ = {isa = PBXBuildFile; fileRef = 9BA3A288203DDF100017A448 /* StoreKit.framework */; };
		9BA3A28C203DE1D90017A448 /* Products.swift in Sources */ = {isa = PBXBuildFile; fileRef = 9BA3A28B203DE1D90017A448 /* Products.swift */; };
		9BA3A28E203DE52F0017A448 /* ProductsLocalStorage.swift in Sources */ = {isa = PBXBuildFile; fileRef = 9BA3A28D203DE52F0017A448 /* ProductsLocalStorage.swift */; };
		9BA3A290203F34070017A448 /* PurchasesViewController.swift in Sources */ = {isa = PBXBuildFile; fileRef = 9BA3A28F203F34070017A448 /* PurchasesViewController.swift */; };
		9BA3A294203F3BD20017A448 /* PurchaseViewCell.swift in Sources */ = {isa = PBXBuildFile; fileRef = 9BA3A293203F3BD20017A448 /* PurchaseViewCell.swift */; };
		9BB2088A201CDEF600803237 /* CameraViewController.swift in Sources */ = {isa = PBXBuildFile; fileRef = 9BB20889201CDEF600803237 /* CameraViewController.swift */; };
		9BB2088E201CDF3B00803237 /* CurrencyPanelViewController.swift in Sources */ = {isa = PBXBuildFile; fileRef = 9BB2088D201CDF3B00803237 /* CurrencyPanelViewController.swift */; };
		9BD0C4DB2025A38E00F963C8 /* CameraAccessDeniedView.swift in Sources */ = {isa = PBXBuildFile; fileRef = 9BD0C4DA2025A38E00F963C8 /* CameraAccessDeniedView.swift */; };
		9BF2D577201326F800787030 /* RecognizerEngine.swift in Sources */ = {isa = PBXBuildFile; fileRef = 9BF2D576201326F800787030 /* RecognizerEngine.swift */; };
/* End PBXBuildFile section */

/* Begin PBXContainerItemProxy section */
		9B6FEAF12009F08600CEF94F /* PBXContainerItemProxy */ = {
			isa = PBXContainerItemProxy;
			containerPortal = 8B0D6AF31EFA582B00544F3D /* Project object */;
			proxyType = 1;
			remoteGlobalIDString = 8B0D6AFA1EFA582B00544F3D;
			remoteInfo = HowMuch;
		};
/* End PBXContainerItemProxy section */

/* Begin PBXFileReference section */
		0233AE9863A582D26B4BD263 /* Pods-HowMuch.release.xcconfig */ = {isa = PBXFileReference; includeInIndex = 1; lastKnownFileType = text.xcconfig; name = "Pods-HowMuch.release.xcconfig"; path = "Pods/Target Support Files/Pods-HowMuch/Pods-HowMuch.release.xcconfig"; sourceTree = "<group>"; };
		0AE62B4875EF967C82788C8C /* Pods-HowMuchTests.release.xcconfig */ = {isa = PBXFileReference; includeInIndex = 1; lastKnownFileType = text.xcconfig; name = "Pods-HowMuchTests.release.xcconfig"; path = "Pods/Target Support Files/Pods-HowMuchTests/Pods-HowMuchTests.release.xcconfig"; sourceTree = "<group>"; };
		2817110E861B36A6FF58762E /* Pods-HowMuchTests.debug.xcconfig */ = {isa = PBXFileReference; includeInIndex = 1; lastKnownFileType = text.xcconfig; name = "Pods-HowMuchTests.debug.xcconfig"; path = "Pods/Target Support Files/Pods-HowMuchTests/Pods-HowMuchTests.debug.xcconfig"; sourceTree = "<group>"; };
		4AFE5D6BB6B0967011015BB7 /* Pods_Text_Detection_Starter_Project.framework */ = {isa = PBXFileReference; explicitFileType = wrapper.framework; includeInIndex = 0; path = Pods_Text_Detection_Starter_Project.framework; sourceTree = BUILT_PRODUCTS_DIR; };
		5C2ED56CC829478786D0D79F /* Pods-HowMuch.debug.xcconfig */ = {isa = PBXFileReference; includeInIndex = 1; lastKnownFileType = text.xcconfig; name = "Pods-HowMuch.debug.xcconfig"; path = "Pods/Target Support Files/Pods-HowMuch/Pods-HowMuch.debug.xcconfig"; sourceTree = "<group>"; };
		88A2DF89A76323E178E8991E /* Pods-Text Detection Starter Project.release.xcconfig */ = {isa = PBXFileReference; includeInIndex = 1; lastKnownFileType = text.xcconfig; name = "Pods-Text Detection Starter Project.release.xcconfig"; path = "Pods/Target Support Files/Pods-Text Detection Starter Project/Pods-Text Detection Starter Project.release.xcconfig"; sourceTree = "<group>"; };
		8B0D6AFB1EFA582B00544F3D /* HowMuch.app */ = {isa = PBXFileReference; explicitFileType = wrapper.application; includeInIndex = 0; path = HowMuch.app; sourceTree = BUILT_PRODUCTS_DIR; };
		937431F07A095D3F0BDD5923 /* Pods_HowMuchTests.framework */ = {isa = PBXFileReference; explicitFileType = wrapper.framework; includeInIndex = 0; path = Pods_HowMuchTests.framework; sourceTree = BUILT_PRODUCTS_DIR; };
		9B5A1CC42018DBB80056D6DB /* SourceCurrencyView.swift */ = {isa = PBXFileReference; lastKnownFileType = sourcecode.swift; path = SourceCurrencyView.swift; sourceTree = "<group>"; };
		9B5A1CC62018DBC40056D6DB /* ResultCurrencyView.swift */ = {isa = PBXFileReference; lastKnownFileType = sourcecode.swift; path = ResultCurrencyView.swift; sourceTree = "<group>"; };
		9B5A1CC82018DC7C0056D6DB /* UIColor+Extension.swift */ = {isa = PBXFileReference; lastKnownFileType = sourcecode.swift; path = "UIColor+Extension.swift"; sourceTree = "<group>"; };
		9B5A1CCA2018E0670056D6DB /* String+Extension.swift */ = {isa = PBXFileReference; lastKnownFileType = sourcecode.swift; path = "String+Extension.swift"; sourceTree = "<group>"; };
		9B5A1CCC2018EDEA0056D6DB /* DisabledCameraView.swift */ = {isa = PBXFileReference; lastKnownFileType = sourcecode.swift; path = DisabledCameraView.swift; sourceTree = "<group>"; };
		9B5A1CCE2018F3F40056D6DB /* CrossView.swift */ = {isa = PBXFileReference; lastKnownFileType = sourcecode.swift; path = CrossView.swift; sourceTree = "<group>"; };
		9B5A1CD0201A3DB70056D6DB /* ToolbarReturn.swift */ = {isa = PBXFileReference; lastKnownFileType = sourcecode.swift; path = ToolbarReturn.swift; sourceTree = "<group>"; };
		9B64E46A202B48B100D28C4E /* SelectCurrencyViewController.swift */ = {isa = PBXFileReference; lastKnownFileType = sourcecode.swift; path = SelectCurrencyViewController.swift; sourceTree = "<group>"; };
		9B64E46C202B48C000D28C4E /* CurrencyViewCell.swift */ = {isa = PBXFileReference; lastKnownFileType = sourcecode.swift; path = CurrencyViewCell.swift; sourceTree = "<group>"; };
		9B64E46E202CA74800D28C4E /* StoreSubcriber+Extention.swift */ = {isa = PBXFileReference; lastKnownFileType = sourcecode.swift; path = "StoreSubcriber+Extention.swift"; sourceTree = "<group>"; };
		9B6FEAA02002A53100CEF94F /* tessdata */ = {isa = PBXFileReference; lastKnownFileType = folder; name = tessdata; path = HowMuch/tessdata; sourceTree = SOURCE_ROOT; };
		9B6FEAA22002A53100CEF94F /* AppDelegate.swift */ = {isa = PBXFileReference; fileEncoding = 4; lastKnownFileType = sourcecode.swift; name = AppDelegate.swift; path = HowMuch/AppDelegate.swift; sourceTree = SOURCE_ROOT; };
		9B6FEAA32002A53100CEF94F /* Assets.xcassets */ = {isa = PBXFileReference; lastKnownFileType = folder.assetcatalog; name = Assets.xcassets; path = HowMuch/Assets.xcassets; sourceTree = SOURCE_ROOT; };
		9B6FEAA42002A53100CEF94F /* Info.plist */ = {isa = PBXFileReference; fileEncoding = 4; lastKnownFileType = text.plist.xml; name = Info.plist; path = HowMuch/Info.plist; sourceTree = SOURCE_ROOT; };
		9B6FEAC12002A79100CEF94F /* Base */ = {isa = PBXFileReference; lastKnownFileType = file.storyboard; name = Base; path = HowMuch/Base.lproj/LaunchScreen.storyboard; sourceTree = SOURCE_ROOT; };
		9B6FEAD62005482300CEF94F /* CurrencyService.swift */ = {isa = PBXFileReference; fileEncoding = 4; lastKnownFileType = sourcecode.swift; name = CurrencyService.swift; path = HowMuch/Services/CurrencyService.swift; sourceTree = SOURCE_ROOT; };
		9B6FEAD82005482A00CEF94F /* RecognizerViewController.swift */ = {isa = PBXFileReference; fileEncoding = 4; lastKnownFileType = sourcecode.swift; path = RecognizerViewController.swift; sourceTree = "<group>"; };
		9B6FEADA2005483100CEF94F /* CurrencyModel.swift */ = {isa = PBXFileReference; fileEncoding = 4; lastKnownFileType = sourcecode.swift; path = CurrencyModel.swift; sourceTree = "<group>"; };
		9B6FEADD200932B500CEF94F /* CGPoint+Extention.swift */ = {isa = PBXFileReference; lastKnownFileType = sourcecode.swift; path = "CGPoint+Extention.swift"; sourceTree = "<group>"; };
		9B6FEADF200932CD00CEF94F /* CGRect+Extention.swift */ = {isa = PBXFileReference; lastKnownFileType = sourcecode.swift; path = "CGRect+Extention.swift"; sourceTree = "<group>"; };
		9B6FEAE120093FAE00CEF94F /* SettingsViewController.swift */ = {isa = PBXFileReference; lastKnownFileType = sourcecode.swift; path = SettingsViewController.swift; sourceTree = "<group>"; };
		9B6FEAE42009419200CEF94F /* SelectCurrencyCellView.swift */ = {isa = PBXFileReference; lastKnownFileType = sourcecode.swift; path = SelectCurrencyCellView.swift; sourceTree = "<group>"; };
		9B6FEAE620094A1000CEF94F /* CheckRecognizeFloatViewCell.swift */ = {isa = PBXFileReference; lastKnownFileType = sourcecode.swift; path = CheckRecognizeFloatViewCell.swift; sourceTree = "<group>"; };
		9B6FEAEC2009F08600CEF94F /* HowMuchTests.xctest */ = {isa = PBXFileReference; explicitFileType = wrapper.cfbundle; includeInIndex = 0; path = HowMuchTests.xctest; sourceTree = BUILT_PRODUCTS_DIR; };
		9B6FEAEE2009F08600CEF94F /* HowMuchTests.swift */ = {isa = PBXFileReference; lastKnownFileType = sourcecode.swift; path = HowMuchTests.swift; sourceTree = "<group>"; };
		9B6FEAF02009F08600CEF94F /* Info.plist */ = {isa = PBXFileReference; lastKnownFileType = text.plist.xml; path = Info.plist; sourceTree = "<group>"; };
		9B6FEAF62009F0A900CEF94F /* CurencyProviderTests.swift */ = {isa = PBXFileReference; lastKnownFileType = sourcecode.swift; path = CurencyProviderTests.swift; sourceTree = "<group>"; };
		9B6FEAF8200A0EE500CEF94F /* SettingsService.swift */ = {isa = PBXFileReference; lastKnownFileType = sourcecode.swift; path = SettingsService.swift; sourceTree = "<group>"; };
		9B6FEAFD200A1C5E00CEF94F /* ConvertPanelView.swift */ = {isa = PBXFileReference; lastKnownFileType = sourcecode.swift; path = ConvertPanelView.swift; sourceTree = "<group>"; };
		9B7FB252201DC4750031EFDC /* AppState.swift */ = {isa = PBXFileReference; lastKnownFileType = sourcecode.swift; path = AppState.swift; sourceTree = "<group>"; };
		9B7FB254201DC4C90031EFDC /* SettingsState.swift */ = {isa = PBXFileReference; lastKnownFileType = sourcecode.swift; path = SettingsState.swift; sourceTree = "<group>"; };
		9B7FB257201DC4E20031EFDC /* CurrencyRatesState.swift */ = {isa = PBXFileReference; lastKnownFileType = sourcecode.swift; path = CurrencyRatesState.swift; sourceTree = "<group>"; };
		9B7FB259201DC5540031EFDC /* RecognizingState.swift */ = {isa = PBXFileReference; lastKnownFileType = sourcecode.swift; path = RecognizingState.swift; sourceTree = "<group>"; };
		9B7FB25B201DC5E80031EFDC /* AppReducer.swift */ = {isa = PBXFileReference; lastKnownFileType = sourcecode.swift; path = AppReducer.swift; sourceTree = "<group>"; };
		9B7FB25D201DC7550031EFDC /* SettingsReducer.swift */ = {isa = PBXFileReference; lastKnownFileType = sourcecode.swift; path = SettingsReducer.swift; sourceTree = "<group>"; };
		9B7FB25F201DC7650031EFDC /* CurrencyRatesReducer.swift */ = {isa = PBXFileReference; lastKnownFileType = sourcecode.swift; path = CurrencyRatesReducer.swift; sourceTree = "<group>"; };
		9B7FB261201DC79B0031EFDC /* RecognizingReducer.swift */ = {isa = PBXFileReference; lastKnownFileType = sourcecode.swift; path = RecognizingReducer.swift; sourceTree = "<group>"; };
		9B7FB263201DCE550031EFDC /* RecognizingActions.swift */ = {isa = PBXFileReference; lastKnownFileType = sourcecode.swift; path = RecognizingActions.swift; sourceTree = "<group>"; };
		9B7FB265201DD2160031EFDC /* CurrencyRatesMiddleware.swift */ = {isa = PBXFileReference; lastKnownFileType = sourcecode.swift; path = CurrencyRatesMiddleware.swift; sourceTree = "<group>"; };
		9B7FB267201DD2680031EFDC /* SettingsMiddleware.swift */ = {isa = PBXFileReference; lastKnownFileType = sourcecode.swift; path = SettingsMiddleware.swift; sourceTree = "<group>"; };
		9B7FB269201DDB020031EFDC /* SettingsActions.swift */ = {isa = PBXFileReference; lastKnownFileType = sourcecode.swift; path = SettingsActions.swift; sourceTree = "<group>"; };
		9B7FB26C201DF3AB0031EFDC /* CurrencyRatesActoins.swift */ = {isa = PBXFileReference; lastKnownFileType = sourcecode.swift; path = CurrencyRatesActoins.swift; sourceTree = "<group>"; };
		9B7FB2702020E2C60031EFDC /* LoggingMiddleware.swift */ = {isa = PBXFileReference; lastKnownFileType = sourcecode.swift; path = LoggingMiddleware.swift; sourceTree = "<group>"; };
		9B7FB2732020E74B0031EFDC /* CreateSetValuesAction.swift */ = {isa = PBXFileReference; lastKnownFileType = sourcecode.swift; path = CreateSetValuesAction.swift; sourceTree = "<group>"; };
		9B9D60D520270525002BD5F7 /* Action+Extention.swift */ = {isa = PBXFileReference; lastKnownFileType = sourcecode.swift; path = "Action+Extention.swift"; sourceTree = "<group>"; };
		9B9E2243200FC2220026122B /* ObserverList.swift */ = {isa = PBXFileReference; lastKnownFileType = sourcecode.swift; path = ObserverList.swift; sourceTree = "<group>"; };
		9B9FE61620016406001AC1E8 /* libstdc++.tbd */ = {isa = PBXFileReference; lastKnownFileType = "sourcecode.text-based-dylib-definition"; name = "libstdc++.tbd"; path = "usr/lib/libstdc++.tbd"; sourceTree = SDKROOT; };
		9B9FE61820016410001AC1E8 /* CoreImage.framework */ = {isa = PBXFileReference; lastKnownFileType = wrapper.framework; name = CoreImage.framework; path = System/Library/Frameworks/CoreImage.framework; sourceTree = SDKROOT; };
		9B9FE61B20016421001AC1E8 /* TesseractOCR.framework */ = {isa = PBXFileReference; explicitFileType = wrapper.framework; path = TesseractOCR.framework; sourceTree = BUILT_PRODUCTS_DIR; };
		9BA3A2792035FA520017A448 /* Colors.swift */ = {isa = PBXFileReference; lastKnownFileType = sourcecode.swift; path = Colors.swift; sourceTree = "<group>"; };
		9BA3A27C20373E730017A448 /* ru */ = {isa = PBXFileReference; lastKnownFileType = text.plist.strings; name = ru; path = HowMuch/ru.lproj/LaunchScreen.strings; sourceTree = "<group>"; };
		9BA3A27E20373EFB0017A448 /* Base */ = {isa = PBXFileReference; lastKnownFileType = text.plist.strings; name = Base; path = HowMuch/Base.lproj/Localizable.strings; sourceTree = "<group>"; };
		9BA3A28020373F050017A448 /* ru */ = {isa = PBXFileReference; lastKnownFileType = text.plist.strings; name = ru; path = HowMuch/ru.lproj/Localizable.strings; sourceTree = "<group>"; };
		9BA3A281203747210017A448 /* zh-Hans */ = {isa = PBXFileReference; lastKnownFileType = text.plist.strings; name = "zh-Hans"; path = "HowMuch/zh-Hans.lproj/LaunchScreen.strings"; sourceTree = "<group>"; };
		9BA3A282203747210017A448 /* zh-Hans */ = {isa = PBXFileReference; lastKnownFileType = text.plist.strings; name = "zh-Hans"; path = "HowMuch/zh-Hans.lproj/Localizable.strings"; sourceTree = "<group>"; };
		9BA3A283203C92560017A448 /* StoreReviewHelper.swift */ = {isa = PBXFileReference; lastKnownFileType = sourcecode.swift; path = StoreReviewHelper.swift; sourceTree = "<group>"; };
		9BA3A286203DDEB90017A448 /* PurchaseHelper.swift */ = {isa = PBXFileReference; lastKnownFileType = sourcecode.swift; path = PurchaseHelper.swift; sourceTree = "<group>"; };
		9BA3A288203DDF100017A448 /* StoreKit.framework */ = {isa = PBXFileReference; lastKnownFileType = wrapper.framework; name = StoreKit.framework; path = System/Library/Frameworks/StoreKit.framework; sourceTree = SDKROOT; };
		9BA3A28B203DE1D90017A448 /* Products.swift */ = {isa = PBXFileReference; lastKnownFileType = sourcecode.swift; path = Products.swift; sourceTree = "<group>"; };
		9BA3A28D203DE52F0017A448 /* ProductsLocalStorage.swift */ = {isa = PBXFileReference; lastKnownFileType = sourcecode.swift; path = ProductsLocalStorage.swift; sourceTree = "<group>"; };
		9BA3A28F203F34070017A448 /* PurchasesViewController.swift */ = {isa = PBXFileReference; lastKnownFileType = sourcecode.swift; path = PurchasesViewController.swift; sourceTree = "<group>"; };
		9BA3A293203F3BD20017A448 /* PurchaseViewCell.swift */ = {isa = PBXFileReference; lastKnownFileType = sourcecode.swift; path = PurchaseViewCell.swift; sourceTree = "<group>"; };
		9BB20889201CDEF600803237 /* CameraViewController.swift */ = {isa = PBXFileReference; lastKnownFileType = sourcecode.swift; path = CameraViewController.swift; sourceTree = "<group>"; };
		9BB2088D201CDF3B00803237 /* CurrencyPanelViewController.swift */ = {isa = PBXFileReference; lastKnownFileType = sourcecode.swift; path = CurrencyPanelViewController.swift; sourceTree = "<group>"; };
		9BD0C4DA2025A38E00F963C8 /* CameraAccessDeniedView.swift */ = {isa = PBXFileReference; lastKnownFileType = sourcecode.swift; path = CameraAccessDeniedView.swift; sourceTree = "<group>"; };
		9BF2D576201326F800787030 /* RecognizerEngine.swift */ = {isa = PBXFileReference; lastKnownFileType = sourcecode.swift; path = RecognizerEngine.swift; sourceTree = "<group>"; };
		CBA2641F5EF8CD4C3FE5CF6C /* Pods-Text Detection Starter Project.debug.xcconfig */ = {isa = PBXFileReference; includeInIndex = 1; lastKnownFileType = text.xcconfig; name = "Pods-Text Detection Starter Project.debug.xcconfig"; path = "Pods/Target Support Files/Pods-Text Detection Starter Project/Pods-Text Detection Starter Project.debug.xcconfig"; sourceTree = "<group>"; };
		D0B478BE9529A10BB90CE361 /* Pods_HowMuch.framework */ = {isa = PBXFileReference; explicitFileType = wrapper.framework; includeInIndex = 0; path = Pods_HowMuch.framework; sourceTree = BUILT_PRODUCTS_DIR; };
/* End PBXFileReference section */

/* Begin PBXFrameworksBuildPhase section */
		8B0D6AF81EFA582B00544F3D /* Frameworks */ = {
			isa = PBXFrameworksBuildPhase;
			buildActionMask = 2147483647;
			files = (
				9B9FE61A20016421001AC1E8 /* TesseractOCR.framework in Frameworks */,
				9B9FE61920016410001AC1E8 /* CoreImage.framework in Frameworks */,
				9BA3A289203DDF100017A448 /* StoreKit.framework in Frameworks */,
				9B9FE61720016406001AC1E8 /* libstdc++.tbd in Frameworks */,
				417A74DE4FD59F8731730D44 /* Pods_HowMuch.framework in Frameworks */,
			);
			runOnlyForDeploymentPostprocessing = 0;
		};
		9B6FEAE92009F08600CEF94F /* Frameworks */ = {
			isa = PBXFrameworksBuildPhase;
			buildActionMask = 2147483647;
			files = (
				5E1A7C10B732481A2D9659CC /* Pods_HowMuchTests.framework in Frameworks */,
			);
			runOnlyForDeploymentPostprocessing = 0;
		};
/* End PBXFrameworksBuildPhase section */

/* Begin PBXGroup section */
		1D578FB4FC9C28638071730C /* Pods */ = {
			isa = PBXGroup;
			children = (
				CBA2641F5EF8CD4C3FE5CF6C /* Pods-Text Detection Starter Project.debug.xcconfig */,
				88A2DF89A76323E178E8991E /* Pods-Text Detection Starter Project.release.xcconfig */,
				5C2ED56CC829478786D0D79F /* Pods-HowMuch.debug.xcconfig */,
				0233AE9863A582D26B4BD263 /* Pods-HowMuch.release.xcconfig */,
				2817110E861B36A6FF58762E /* Pods-HowMuchTests.debug.xcconfig */,
				0AE62B4875EF967C82788C8C /* Pods-HowMuchTests.release.xcconfig */,
			);
			name = Pods;
			sourceTree = "<group>";
		};
		8B0D6AF21EFA582B00544F3D = {
			isa = PBXGroup;
			children = (
				9BA3A27D20373EFB0017A448 /* Localizable.strings */,
				9B6FEA9F2002A3AA00CEF94F /* HowMuch */,
				9B6FEAED2009F08600CEF94F /* HowMuchTests */,
				8B0D6AFC1EFA582B00544F3D /* Products */,
				1D578FB4FC9C28638071730C /* Pods */,
				952D547E0FBE78BB575BD3B5 /* Frameworks */,
			);
			sourceTree = "<group>";
		};
		8B0D6AFC1EFA582B00544F3D /* Products */ = {
			isa = PBXGroup;
			children = (
				8B0D6AFB1EFA582B00544F3D /* HowMuch.app */,
				9B6FEAEC2009F08600CEF94F /* HowMuchTests.xctest */,
			);
			name = Products;
			sourceTree = "<group>";
		};
		952D547E0FBE78BB575BD3B5 /* Frameworks */ = {
			isa = PBXGroup;
			children = (
				9BA3A288203DDF100017A448 /* StoreKit.framework */,
				9B9FE61B20016421001AC1E8 /* TesseractOCR.framework */,
				9B9FE61820016410001AC1E8 /* CoreImage.framework */,
				9B9FE61620016406001AC1E8 /* libstdc++.tbd */,
				4AFE5D6BB6B0967011015BB7 /* Pods_Text_Detection_Starter_Project.framework */,
				D0B478BE9529A10BB90CE361 /* Pods_HowMuch.framework */,
				937431F07A095D3F0BDD5923 /* Pods_HowMuchTests.framework */,
			);
			name = Frameworks;
			sourceTree = "<group>";
		};
		9B5A1CD2201CD8AA0056D6DB /* Recognizer */ = {
			isa = PBXGroup;
			children = (
				9B6FEAD82005482A00CEF94F /* RecognizerViewController.swift */,
			);
			path = Recognizer;
			sourceTree = "<group>";
		};
		9B5A1CD3201CD8CD0056D6DB /* ConvertPanel */ = {
			isa = PBXGroup;
			children = (
				9BB2088D201CDF3B00803237 /* CurrencyPanelViewController.swift */,
				9B6FEAFD200A1C5E00CEF94F /* ConvertPanelView.swift */,
				9B5A1CC42018DBB80056D6DB /* SourceCurrencyView.swift */,
				9B5A1CC62018DBC40056D6DB /* ResultCurrencyView.swift */,
			);
			path = ConvertPanel;
			sourceTree = "<group>";
		};
		9B64E469202B489C00D28C4E /* SelectCurrency */ = {
			isa = PBXGroup;
			children = (
				9B64E46A202B48B100D28C4E /* SelectCurrencyViewController.swift */,
				9B64E46C202B48C000D28C4E /* CurrencyViewCell.swift */,
			);
			path = SelectCurrency;
			sourceTree = "<group>";
		};
		9B6FEA9F2002A3AA00CEF94F /* HowMuch */ = {
			isa = PBXGroup;
			children = (
				9BA3A28A203DDFAE0017A448 /* Purchases */,
				9BB2088F201DC25000803237 /* Store */,
				9B9E2242200FC2050026122B /* Utils */,
				9B6FEADC2009329E00CEF94F /* Extensions */,
				9B6FEAD5200547FF00CEF94F /* Services */,
				9B6FEAD4200547FA00CEF94F /* UI */,
				9B6FEAD3200547E800CEF94F /* Models */,
				9B6FEAA22002A53100CEF94F /* AppDelegate.swift */,
				9B6FEAA32002A53100CEF94F /* Assets.xcassets */,
				9B6FEAA42002A53100CEF94F /* Info.plist */,
				9B6FEAC02002A79100CEF94F /* LaunchScreen.storyboard */,
				9B6FEAA02002A53100CEF94F /* tessdata */,
			);
			path = HowMuch;
			sourceTree = "<group>";
		};
		9B6FEAD3200547E800CEF94F /* Models */ = {
			isa = PBXGroup;
			children = (
				9B6FEADA2005483100CEF94F /* CurrencyModel.swift */,
			);
			path = Models;
			sourceTree = "<group>";
		};
		9B6FEAD4200547FA00CEF94F /* UI */ = {
			isa = PBXGroup;
			children = (
				9BA3A285203DDE8D0017A448 /* Purchases */,
				9B5A1CD2201CD8AA0056D6DB /* Recognizer */,
				9B6FEAFC200A179700CEF94F /* Camera */,
				9B64E469202B489C00D28C4E /* SelectCurrency */,
				9B5A1CD3201CD8CD0056D6DB /* ConvertPanel */,
				9B6FEAE32009414800CEF94F /* Settings */,
			);
			path = UI;
			sourceTree = "<group>";
		};
		9B6FEAD5200547FF00CEF94F /* Services */ = {
			isa = PBXGroup;
			children = (
				9BF2D576201326F800787030 /* RecognizerEngine.swift */,
				9B6FEAD62005482300CEF94F /* CurrencyService.swift */,
				9B6FEAF8200A0EE500CEF94F /* SettingsService.swift */,
			);
			path = Services;
			sourceTree = "<group>";
		};
		9B6FEADC2009329E00CEF94F /* Extensions */ = {
			isa = PBXGroup;
			children = (
				9B6FEADD200932B500CEF94F /* CGPoint+Extention.swift */,
				9B6FEADF200932CD00CEF94F /* CGRect+Extention.swift */,
				9B5A1CC82018DC7C0056D6DB /* UIColor+Extension.swift */,
				9B5A1CCA2018E0670056D6DB /* String+Extension.swift */,
				9B9D60D520270525002BD5F7 /* Action+Extention.swift */,
				9B64E46E202CA74800D28C4E /* StoreSubcriber+Extention.swift */,
			);
			path = Extensions;
			sourceTree = "<group>";
		};
		9B6FEAE32009414800CEF94F /* Settings */ = {
			isa = PBXGroup;
			children = (
				9B6FEAE120093FAE00CEF94F /* SettingsViewController.swift */,
				9B6FEAE42009419200CEF94F /* SelectCurrencyCellView.swift */,
				9B6FEAE620094A1000CEF94F /* CheckRecognizeFloatViewCell.swift */,
			);
			path = Settings;
			sourceTree = "<group>";
		};
		9B6FEAED2009F08600CEF94F /* HowMuchTests */ = {
			isa = PBXGroup;
			children = (
				9B6FEAEE2009F08600CEF94F /* HowMuchTests.swift */,
				9B6FEAF02009F08600CEF94F /* Info.plist */,
				9B6FEAF62009F0A900CEF94F /* CurencyProviderTests.swift */,
			);
			path = HowMuchTests;
			sourceTree = "<group>";
		};
		9B6FEAFC200A179700CEF94F /* Camera */ = {
			isa = PBXGroup;
			children = (
				9BB20889201CDEF600803237 /* CameraViewController.swift */,
				9B5A1CCC2018EDEA0056D6DB /* DisabledCameraView.swift */,
				9B5A1CCE2018F3F40056D6DB /* CrossView.swift */,
				9BD0C4DA2025A38E00F963C8 /* CameraAccessDeniedView.swift */,
			);
			path = Camera;
			sourceTree = "<group>";
		};
		9B7FB2722020E71C0031EFDC /* ActionCreators */ = {
			isa = PBXGroup;
			children = (
				9B7FB2732020E74B0031EFDC /* CreateSetValuesAction.swift */,
			);
			path = ActionCreators;
			sourceTree = "<group>";
		};
		9B9E2242200FC2050026122B /* Utils */ = {
			isa = PBXGroup;
			children = (
				9BA3A283203C92560017A448 /* StoreReviewHelper.swift */,
				9B9E2243200FC2220026122B /* ObserverList.swift */,
				9B5A1CD0201A3DB70056D6DB /* ToolbarReturn.swift */,
				9BA3A2792035FA520017A448 /* Colors.swift */,
			);
			path = Utils;
			sourceTree = "<group>";
		};
		9BA3A285203DDE8D0017A448 /* Purchases */ = {
			isa = PBXGroup;
			children = (
				9BA3A28F203F34070017A448 /* PurchasesViewController.swift */,
				9BA3A293203F3BD20017A448 /* PurchaseViewCell.swift */,
			);
			path = Purchases;
			sourceTree = "<group>";
		};
		9BA3A28A203DDFAE0017A448 /* Purchases */ = {
			isa = PBXGroup;
			children = (
				9BA3A286203DDEB90017A448 /* PurchaseHelper.swift */,
				9BA3A28B203DE1D90017A448 /* Products.swift */,
				9BA3A28D203DE52F0017A448 /* ProductsLocalStorage.swift */,
			);
			path = Purchases;
			sourceTree = "<group>";
		};
		9BB2088F201DC25000803237 /* Store */ = {
			isa = PBXGroup;
			children = (
				9BB20890201DC25B00803237 /* State */,
				9BB20891201DC26000803237 /* Reducers */,
				9BB20892201DC26900803237 /* Actions */,
				9B7FB2722020E71C0031EFDC /* ActionCreators */,
				9BB20893201DC26E00803237 /* Middlewares */,
			);
			path = Store;
			sourceTree = "<group>";
		};
		9BB20890201DC25B00803237 /* State */ = {
			isa = PBXGroup;
			children = (
				9B7FB252201DC4750031EFDC /* AppState.swift */,
				9B7FB254201DC4C90031EFDC /* SettingsState.swift */,
				9B7FB257201DC4E20031EFDC /* CurrencyRatesState.swift */,
				9B7FB259201DC5540031EFDC /* RecognizingState.swift */,
			);
			path = State;
			sourceTree = "<group>";
		};
		9BB20891201DC26000803237 /* Reducers */ = {
			isa = PBXGroup;
			children = (
				9B7FB25B201DC5E80031EFDC /* AppReducer.swift */,
				9B7FB25D201DC7550031EFDC /* SettingsReducer.swift */,
				9B7FB25F201DC7650031EFDC /* CurrencyRatesReducer.swift */,
				9B7FB261201DC79B0031EFDC /* RecognizingReducer.swift */,
			);
			path = Reducers;
			sourceTree = "<group>";
		};
		9BB20892201DC26900803237 /* Actions */ = {
			isa = PBXGroup;
			children = (
				9B7FB269201DDB020031EFDC /* SettingsActions.swift */,
				9B7FB26C201DF3AB0031EFDC /* CurrencyRatesActoins.swift */,
				9B7FB263201DCE550031EFDC /* RecognizingActions.swift */,
			);
			path = Actions;
			sourceTree = "<group>";
		};
		9BB20893201DC26E00803237 /* Middlewares */ = {
			isa = PBXGroup;
			children = (
				9B7FB265201DD2160031EFDC /* CurrencyRatesMiddleware.swift */,
				9B7FB267201DD2680031EFDC /* SettingsMiddleware.swift */,
				9B7FB2702020E2C60031EFDC /* LoggingMiddleware.swift */,
			);
			path = Middlewares;
			sourceTree = "<group>";
		};
/* End PBXGroup section */

/* Begin PBXNativeTarget section */
		8B0D6AFA1EFA582B00544F3D /* HowMuch */ = {
			isa = PBXNativeTarget;
			buildConfigurationList = 8B0D6B0D1EFA582C00544F3D /* Build configuration list for PBXNativeTarget "HowMuch" */;
			buildPhases = (
				25D3B7E2ED8B21768654C3C4 /* [CP] Check Pods Manifest.lock */,
				8B0D6AF71EFA582B00544F3D /* Sources */,
				8B0D6AF81EFA582B00544F3D /* Frameworks */,
				8B0D6AF91EFA582B00544F3D /* Resources */,
				0912FAC151C045396CE4290D /* [CP] Embed Pods Frameworks */,
				0F5E4717D9D6B4481028944A /* [CP] Copy Pods Resources */,
			);
			buildRules = (
			);
			dependencies = (
			);
			name = HowMuch;
			productName = "Text Detection Starter Project";
			productReference = 8B0D6AFB1EFA582B00544F3D /* HowMuch.app */;
			productType = "com.apple.product-type.application";
		};
		9B6FEAEB2009F08600CEF94F /* HowMuchTests */ = {
			isa = PBXNativeTarget;
			buildConfigurationList = 9B6FEAF32009F08600CEF94F /* Build configuration list for PBXNativeTarget "HowMuchTests" */;
			buildPhases = (
				96006C2A7F6AC4CCBEB40CAF /* [CP] Check Pods Manifest.lock */,
				9B6FEAE82009F08600CEF94F /* Sources */,
				9B6FEAE92009F08600CEF94F /* Frameworks */,
				9B6FEAEA2009F08600CEF94F /* Resources */,
				10F42EAAA25F6F378BDA43F4 /* [CP] Embed Pods Frameworks */,
				72C04AE21A4D7217BA4E1AA1 /* [CP] Copy Pods Resources */,
			);
			buildRules = (
			);
			dependencies = (
				9B6FEAF22009F08600CEF94F /* PBXTargetDependency */,
			);
			name = HowMuchTests;
			productName = HowMuchTests;
			productReference = 9B6FEAEC2009F08600CEF94F /* HowMuchTests.xctest */;
			productType = "com.apple.product-type.bundle.unit-test";
		};
/* End PBXNativeTarget section */

/* Begin PBXProject section */
		8B0D6AF31EFA582B00544F3D /* Project object */ = {
			isa = PBXProject;
			attributes = {
				LastSwiftUpdateCheck = 0920;
				LastUpgradeCheck = 0900;
				ORGANIZATIONNAME = AppCoda;
				TargetAttributes = {
					8B0D6AFA1EFA582B00544F3D = {
						CreatedOnToolsVersion = 9.0;
						LastSwiftMigration = 0920;
						ProvisioningStyle = Automatic;
						SystemCapabilities = {
							com.apple.InAppPurchase = {
								enabled = 1;
							};
						};
					};
					9B6FEAEB2009F08600CEF94F = {
						CreatedOnToolsVersion = 9.2;
						ProvisioningStyle = Automatic;
						TestTargetID = 8B0D6AFA1EFA582B00544F3D;
					};
				};
			};
			buildConfigurationList = 8B0D6AF61EFA582B00544F3D /* Build configuration list for PBXProject "HowMuch" */;
			compatibilityVersion = "Xcode 8.0";
			developmentRegion = en;
			hasScannedForEncodings = 0;
			knownRegions = (
				en,
				Base,
				ru,
				"zh-Hans",
			);
			mainGroup = 8B0D6AF21EFA582B00544F3D;
			productRefGroup = 8B0D6AFC1EFA582B00544F3D /* Products */;
			projectDirPath = "";
			projectRoot = "";
			targets = (
				8B0D6AFA1EFA582B00544F3D /* HowMuch */,
				9B6FEAEB2009F08600CEF94F /* HowMuchTests */,
			);
		};
/* End PBXProject section */

/* Begin PBXResourcesBuildPhase section */
		8B0D6AF91EFA582B00544F3D /* Resources */ = {
			isa = PBXResourcesBuildPhase;
			buildActionMask = 2147483647;
			files = (
				9BA3A27F20373EFB0017A448 /* Localizable.strings in Resources */,
				9B6FEAAA2002A53100CEF94F /* Info.plist in Resources */,
				9B6FEAC42002A79200CEF94F /* LaunchScreen.storyboard in Resources */,
				9B6FEAA92002A53100CEF94F /* Assets.xcassets in Resources */,
				9B6FEAA62002A53100CEF94F /* tessdata in Resources */,
			);
			runOnlyForDeploymentPostprocessing = 0;
		};
		9B6FEAEA2009F08600CEF94F /* Resources */ = {
			isa = PBXResourcesBuildPhase;
			buildActionMask = 2147483647;
			files = (
			);
			runOnlyForDeploymentPostprocessing = 0;
		};
/* End PBXResourcesBuildPhase section */

/* Begin PBXShellScriptBuildPhase section */
		0912FAC151C045396CE4290D /* [CP] Embed Pods Frameworks */ = {
			isa = PBXShellScriptBuildPhase;
			buildActionMask = 2147483647;
			files = (
			);
			inputPaths = (
				"${SRCROOT}/Pods/Target Support Files/Pods-HowMuch/Pods-HowMuch-frameworks.sh",
				"${BUILT_PRODUCTS_DIR}/ReSwift/ReSwift.framework",
				"${BUILT_PRODUCTS_DIR}/TesseractOCRiOS/TesseractOCR.framework",
			);
			name = "[CP] Embed Pods Frameworks";
			outputPaths = (
				"${TARGET_BUILD_DIR}/${FRAMEWORKS_FOLDER_PATH}/ReSwift.framework",
				"${TARGET_BUILD_DIR}/${FRAMEWORKS_FOLDER_PATH}/TesseractOCR.framework",
			);
			runOnlyForDeploymentPostprocessing = 0;
			shellPath = /bin/sh;
			shellScript = "\"${SRCROOT}/Pods/Target Support Files/Pods-HowMuch/Pods-HowMuch-frameworks.sh\"\n";
			showEnvVarsInLog = 0;
		};
		0F5E4717D9D6B4481028944A /* [CP] Copy Pods Resources */ = {
			isa = PBXShellScriptBuildPhase;
			buildActionMask = 2147483647;
			files = (
			);
			inputPaths = (
			);
			name = "[CP] Copy Pods Resources";
			outputPaths = (
			);
			runOnlyForDeploymentPostprocessing = 0;
			shellPath = /bin/sh;
			shellScript = "\"${SRCROOT}/Pods/Target Support Files/Pods-HowMuch/Pods-HowMuch-resources.sh\"\n";
			showEnvVarsInLog = 0;
		};
		10F42EAAA25F6F378BDA43F4 /* [CP] Embed Pods Frameworks */ = {
			isa = PBXShellScriptBuildPhase;
			buildActionMask = 2147483647;
			files = (
			);
			inputPaths = (
			);
			name = "[CP] Embed Pods Frameworks";
			outputPaths = (
			);
			runOnlyForDeploymentPostprocessing = 0;
			shellPath = /bin/sh;
			shellScript = "\"${SRCROOT}/Pods/Target Support Files/Pods-HowMuchTests/Pods-HowMuchTests-frameworks.sh\"\n";
			showEnvVarsInLog = 0;
		};
		25D3B7E2ED8B21768654C3C4 /* [CP] Check Pods Manifest.lock */ = {
			isa = PBXShellScriptBuildPhase;
			buildActionMask = 2147483647;
			files = (
			);
			inputPaths = (
				"${PODS_PODFILE_DIR_PATH}/Podfile.lock",
				"${PODS_ROOT}/Manifest.lock",
			);
			name = "[CP] Check Pods Manifest.lock";
			outputPaths = (
				"$(DERIVED_FILE_DIR)/Pods-HowMuch-checkManifestLockResult.txt",
			);
			runOnlyForDeploymentPostprocessing = 0;
			shellPath = /bin/sh;
			shellScript = "diff \"${PODS_PODFILE_DIR_PATH}/Podfile.lock\" \"${PODS_ROOT}/Manifest.lock\" > /dev/null\nif [ $? != 0 ] ; then\n    # print error to STDERR\n    echo \"error: The sandbox is not in sync with the Podfile.lock. Run 'pod install' or update your CocoaPods installation.\" >&2\n    exit 1\nfi\n# This output is used by Xcode 'outputs' to avoid re-running this script phase.\necho \"SUCCESS\" > \"${SCRIPT_OUTPUT_FILE_0}\"\n";
			showEnvVarsInLog = 0;
		};
		72C04AE21A4D7217BA4E1AA1 /* [CP] Copy Pods Resources */ = {
			isa = PBXShellScriptBuildPhase;
			buildActionMask = 2147483647;
			files = (
			);
			inputPaths = (
			);
			name = "[CP] Copy Pods Resources";
			outputPaths = (
			);
			runOnlyForDeploymentPostprocessing = 0;
			shellPath = /bin/sh;
			shellScript = "\"${SRCROOT}/Pods/Target Support Files/Pods-HowMuchTests/Pods-HowMuchTests-resources.sh\"\n";
			showEnvVarsInLog = 0;
		};
		96006C2A7F6AC4CCBEB40CAF /* [CP] Check Pods Manifest.lock */ = {
			isa = PBXShellScriptBuildPhase;
			buildActionMask = 2147483647;
			files = (
			);
			inputPaths = (
				"${PODS_PODFILE_DIR_PATH}/Podfile.lock",
				"${PODS_ROOT}/Manifest.lock",
			);
			name = "[CP] Check Pods Manifest.lock";
			outputPaths = (
				"$(DERIVED_FILE_DIR)/Pods-HowMuchTests-checkManifestLockResult.txt",
			);
			runOnlyForDeploymentPostprocessing = 0;
			shellPath = /bin/sh;
			shellScript = "diff \"${PODS_PODFILE_DIR_PATH}/Podfile.lock\" \"${PODS_ROOT}/Manifest.lock\" > /dev/null\nif [ $? != 0 ] ; then\n    # print error to STDERR\n    echo \"error: The sandbox is not in sync with the Podfile.lock. Run 'pod install' or update your CocoaPods installation.\" >&2\n    exit 1\nfi\n# This output is used by Xcode 'outputs' to avoid re-running this script phase.\necho \"SUCCESS\" > \"${SCRIPT_OUTPUT_FILE_0}\"\n";
			showEnvVarsInLog = 0;
		};
/* End PBXShellScriptBuildPhase section */

/* Begin PBXSourcesBuildPhase section */
		8B0D6AF71EFA582B00544F3D /* Sources */ = {
			isa = PBXSourcesBuildPhase;
			buildActionMask = 2147483647;
			files = (
				9B7FB25E201DC7550031EFDC /* SettingsReducer.swift in Sources */,
				9B5A1CC92018DC7C0056D6DB /* UIColor+Extension.swift in Sources */,
				9BA3A284203C92560017A448 /* StoreReviewHelper.swift in Sources */,
				9BB2088E201CDF3B00803237 /* CurrencyPanelViewController.swift in Sources */,
				9B9D60D620270525002BD5F7 /* Action+Extention.swift in Sources */,
				9B64E46F202CA74800D28C4E /* StoreSubcriber+Extention.swift in Sources */,
				9B7FB262201DC79B0031EFDC /* RecognizingReducer.swift in Sources */,
				9B7FB260201DC7650031EFDC /* CurrencyRatesReducer.swift in Sources */,
				9B6FEAF9200A0EE500CEF94F /* SettingsService.swift in Sources */,
				9B6FEAE720094A1000CEF94F /* CheckRecognizeFloatViewCell.swift in Sources */,
				9B5A1CD1201A3DB70056D6DB /* ToolbarReturn.swift in Sources */,
				9BA3A28C203DE1D90017A448 /* Products.swift in Sources */,
				9B7FB255201DC4C90031EFDC /* SettingsState.swift in Sources */,
				9B6FEAD92005482A00CEF94F /* RecognizerViewController.swift in Sources */,
				9B6FEADE200932B500CEF94F /* CGPoint+Extention.swift in Sources */,
				9B7FB2742020E74B0031EFDC /* CreateSetValuesAction.swift in Sources */,
				9BF2D577201326F800787030 /* RecognizerEngine.swift in Sources */,
				9B9E2244200FC2220026122B /* ObserverList.swift in Sources */,
				9B7FB268201DD2680031EFDC /* SettingsMiddleware.swift in Sources */,
				9B7FB266201DD2160031EFDC /* CurrencyRatesMiddleware.swift in Sources */,
				9BA3A28E203DE52F0017A448 /* ProductsLocalStorage.swift in Sources */,
				9BA3A294203F3BD20017A448 /* PurchaseViewCell.swift in Sources */,
				9BA3A290203F34070017A448 /* PurchasesViewController.swift in Sources */,
				9B6FEAE220093FAE00CEF94F /* SettingsViewController.swift in Sources */,
				9B5A1CC52018DBB80056D6DB /* SourceCurrencyView.swift in Sources */,
				9BA3A287203DDEB90017A448 /* PurchaseHelper.swift in Sources */,
				9B5A1CCB2018E0670056D6DB /* String+Extension.swift in Sources */,
				9B6FEAE0200932CD00CEF94F /* CGRect+Extention.swift in Sources */,
				9B5A1CC72018DBC40056D6DB /* ResultCurrencyView.swift in Sources */,
				9B5A1CCF2018F3F40056D6DB /* CrossView.swift in Sources */,
				9B7FB2712020E2C60031EFDC /* LoggingMiddleware.swift in Sources */,
				9BB2088A201CDEF600803237 /* CameraViewController.swift in Sources */,
				9B6FEAA82002A53100CEF94F /* AppDelegate.swift in Sources */,
				9B5A1CCD2018EDEA0056D6DB /* DisabledCameraView.swift in Sources */,
				9B64E46D202B48C000D28C4E /* CurrencyViewCell.swift in Sources */,
				9BD0C4DB2025A38E00F963C8 /* CameraAccessDeniedView.swift in Sources */,
				9B7FB25C201DC5E80031EFDC /* AppReducer.swift in Sources */,
				9BA3A27A2035FA520017A448 /* Colors.swift in Sources */,
				9B7FB25A201DC5540031EFDC /* RecognizingState.swift in Sources */,
				9B7FB264201DCE550031EFDC /* RecognizingActions.swift in Sources */,
				9B7FB253201DC4750031EFDC /* AppState.swift in Sources */,
				9B6FEAE52009419200CEF94F /* SelectCurrencyCellView.swift in Sources */,
				9B7FB26A201DDB020031EFDC /* SettingsActions.swift in Sources */,
				9B6FEAFE200A1C5E00CEF94F /* ConvertPanelView.swift in Sources */,
				9B64E46B202B48B100D28C4E /* SelectCurrencyViewController.swift in Sources */,
				9B6FEADB2005483100CEF94F /* CurrencyModel.swift in Sources */,
				9B7FB258201DC4E20031EFDC /* CurrencyRatesState.swift in Sources */,
				9B7FB26D201DF3AB0031EFDC /* CurrencyRatesActoins.swift in Sources */,
				9B6FEAD72005482300CEF94F /* CurrencyService.swift in Sources */,
			);
			runOnlyForDeploymentPostprocessing = 0;
		};
		9B6FEAE82009F08600CEF94F /* Sources */ = {
			isa = PBXSourcesBuildPhase;
			buildActionMask = 2147483647;
			files = (
				9B6FEAEF2009F08600CEF94F /* HowMuchTests.swift in Sources */,
				9B6FEAF72009F0A900CEF94F /* CurencyProviderTests.swift in Sources */,
			);
			runOnlyForDeploymentPostprocessing = 0;
		};
/* End PBXSourcesBuildPhase section */

/* Begin PBXTargetDependency section */
		9B6FEAF22009F08600CEF94F /* PBXTargetDependency */ = {
			isa = PBXTargetDependency;
			target = 8B0D6AFA1EFA582B00544F3D /* HowMuch */;
			targetProxy = 9B6FEAF12009F08600CEF94F /* PBXContainerItemProxy */;
		};
/* End PBXTargetDependency section */

/* Begin PBXVariantGroup section */
		9B6FEAC02002A79100CEF94F /* LaunchScreen.storyboard */ = {
			isa = PBXVariantGroup;
			children = (
				9B6FEAC12002A79100CEF94F /* Base */,
				9BA3A27C20373E730017A448 /* ru */,
				9BA3A281203747210017A448 /* zh-Hans */,
			);
			name = LaunchScreen.storyboard;
			path = ..;
			sourceTree = "<group>";
		};
		9BA3A27D20373EFB0017A448 /* Localizable.strings */ = {
			isa = PBXVariantGroup;
			children = (
				9BA3A27E20373EFB0017A448 /* Base */,
				9BA3A28020373F050017A448 /* ru */,
				9BA3A282203747210017A448 /* zh-Hans */,
			);
			name = Localizable.strings;
			sourceTree = "<group>";
		};
/* End PBXVariantGroup section */

/* Begin XCBuildConfiguration section */
		8B0D6B0B1EFA582C00544F3D /* Debug */ = {
			isa = XCBuildConfiguration;
			buildSettings = {
				ALWAYS_SEARCH_USER_PATHS = NO;
				CLANG_ANALYZER_LOCALIZABILITY_NONLOCALIZED = YES;
				CLANG_ANALYZER_NONNULL = YES;
				CLANG_ANALYZER_NUMBER_OBJECT_CONVERSION = YES_AGGRESSIVE;
				CLANG_CXX_LANGUAGE_STANDARD = "gnu++14";
				CLANG_CXX_LIBRARY = "libc++";
				CLANG_ENABLE_MODULES = YES;
				CLANG_ENABLE_OBJC_ARC = YES;
				CLANG_WARN_BLOCK_CAPTURE_AUTORELEASING = YES;
				CLANG_WARN_BOOL_CONVERSION = YES;
				CLANG_WARN_COMMA = YES;
				CLANG_WARN_CONSTANT_CONVERSION = YES;
				CLANG_WARN_DIRECT_OBJC_ISA_USAGE = YES_ERROR;
				CLANG_WARN_DOCUMENTATION_COMMENTS = YES;
				CLANG_WARN_EMPTY_BODY = YES;
				CLANG_WARN_ENUM_CONVERSION = YES;
				CLANG_WARN_INFINITE_RECURSION = YES;
				CLANG_WARN_INT_CONVERSION = YES;
				CLANG_WARN_OBJC_ROOT_CLASS = YES_ERROR;
				CLANG_WARN_RANGE_LOOP_ANALYSIS = YES;
				CLANG_WARN_STRICT_PROTOTYPES = YES;
				CLANG_WARN_SUSPICIOUS_MOVE = YES;
				CLANG_WARN_UNGUARDED_AVAILABILITY = YES_AGGRESSIVE;
				CLANG_WARN_UNREACHABLE_CODE = YES;
				CLANG_WARN__DUPLICATE_METHOD_MATCH = YES;
				CODE_SIGN_IDENTITY = "iPhone Developer";
				CODE_SIGN_STYLE = Automatic;
				COPY_PHASE_STRIP = NO;
				CURRENT_PROJECT_VERSION = 6;
				DEBUG_INFORMATION_FORMAT = dwarf;
				DEVELOPMENT_TEAM = U8743T8Z48;
				ENABLE_STRICT_OBJC_MSGSEND = YES;
				ENABLE_TESTABILITY = YES;
				GCC_C_LANGUAGE_STANDARD = gnu11;
				GCC_DYNAMIC_NO_PIC = NO;
				GCC_NO_COMMON_BLOCKS = YES;
				GCC_OPTIMIZATION_LEVEL = 0;
				GCC_PREPROCESSOR_DEFINITIONS = (
					"DEBUG=1",
					"$(inherited)",
				);
				GCC_WARN_64_TO_32_BIT_CONVERSION = YES;
				GCC_WARN_ABOUT_RETURN_TYPE = YES_ERROR;
				GCC_WARN_UNDECLARED_SELECTOR = YES;
				GCC_WARN_UNINITIALIZED_AUTOS = YES_AGGRESSIVE;
				GCC_WARN_UNUSED_FUNCTION = YES;
				GCC_WARN_UNUSED_VARIABLE = YES;
				GENERATE_PROFILING_CODE = YES;
				IPHONEOS_DEPLOYMENT_TARGET = 11.0;
				MTL_ENABLE_DEBUG_INFO = YES;
				ONLY_ACTIVE_ARCH = YES;
				SDKROOT = iphoneos;
				SWIFT_ACTIVE_COMPILATION_CONDITIONS = DEBUG;
				SWIFT_OPTIMIZATION_LEVEL = "-Onone";
				VERSIONING_SYSTEM = "apple-generic";
			};
			name = Debug;
		};
		8B0D6B0C1EFA582C00544F3D /* Release */ = {
			isa = XCBuildConfiguration;
			buildSettings = {
				ALWAYS_SEARCH_USER_PATHS = NO;
				CLANG_ANALYZER_LOCALIZABILITY_NONLOCALIZED = YES;
				CLANG_ANALYZER_NONNULL = YES;
				CLANG_ANALYZER_NUMBER_OBJECT_CONVERSION = YES_AGGRESSIVE;
				CLANG_CXX_LANGUAGE_STANDARD = "gnu++14";
				CLANG_CXX_LIBRARY = "libc++";
				CLANG_ENABLE_MODULES = YES;
				CLANG_ENABLE_OBJC_ARC = YES;
				CLANG_WARN_BLOCK_CAPTURE_AUTORELEASING = YES;
				CLANG_WARN_BOOL_CONVERSION = YES;
				CLANG_WARN_COMMA = YES;
				CLANG_WARN_CONSTANT_CONVERSION = YES;
				CLANG_WARN_DIRECT_OBJC_ISA_USAGE = YES_ERROR;
				CLANG_WARN_DOCUMENTATION_COMMENTS = YES;
				CLANG_WARN_EMPTY_BODY = YES;
				CLANG_WARN_ENUM_CONVERSION = YES;
				CLANG_WARN_INFINITE_RECURSION = YES;
				CLANG_WARN_INT_CONVERSION = YES;
				CLANG_WARN_OBJC_ROOT_CLASS = YES_ERROR;
				CLANG_WARN_RANGE_LOOP_ANALYSIS = YES;
				CLANG_WARN_STRICT_PROTOTYPES = YES;
				CLANG_WARN_SUSPICIOUS_MOVE = YES;
				CLANG_WARN_UNGUARDED_AVAILABILITY = YES_AGGRESSIVE;
				CLANG_WARN_UNREACHABLE_CODE = YES;
				CLANG_WARN__DUPLICATE_METHOD_MATCH = YES;
				CODE_SIGN_IDENTITY = "iPhone Developer";
				CODE_SIGN_STYLE = Automatic;
				COPY_PHASE_STRIP = NO;
				CURRENT_PROJECT_VERSION = 6;
				DEBUG_INFORMATION_FORMAT = "dwarf-with-dsym";
				DEVELOPMENT_TEAM = U8743T8Z48;
				ENABLE_NS_ASSERTIONS = NO;
				ENABLE_STRICT_OBJC_MSGSEND = YES;
				GCC_C_LANGUAGE_STANDARD = gnu11;
				GCC_NO_COMMON_BLOCKS = YES;
				GCC_WARN_64_TO_32_BIT_CONVERSION = YES;
				GCC_WARN_ABOUT_RETURN_TYPE = YES_ERROR;
				GCC_WARN_UNDECLARED_SELECTOR = YES;
				GCC_WARN_UNINITIALIZED_AUTOS = YES_AGGRESSIVE;
				GCC_WARN_UNUSED_FUNCTION = YES;
				GCC_WARN_UNUSED_VARIABLE = YES;
				GENERATE_PROFILING_CODE = YES;
				IPHONEOS_DEPLOYMENT_TARGET = 11.0;
				MTL_ENABLE_DEBUG_INFO = NO;
				SDKROOT = iphoneos;
				SWIFT_OPTIMIZATION_LEVEL = "-Owholemodule";
				VALIDATE_PRODUCT = YES;
				VERSIONING_SYSTEM = "apple-generic";
			};
			name = Release;
		};
		8B0D6B0E1EFA582C00544F3D /* Debug */ = {
			isa = XCBuildConfiguration;
			baseConfigurationReference = 5C2ED56CC829478786D0D79F /* Pods-HowMuch.debug.xcconfig */;
			buildSettings = {
				ASSETCATALOG_COMPILER_APPICON_NAME = AppIcon;
				CLANG_ENABLE_MODULES = YES;
				"CODE_SIGN_IDENTITY[sdk=iphoneos*]" = "iPhone Developer";
				CODE_SIGN_STYLE = Automatic;
				CURRENT_PROJECT_VERSION = 6;
				DEVELOPMENT_TEAM = U8743T8Z48;
				ENABLE_BITCODE = NO;
				INFOPLIST_FILE = HowMuch/Info.plist;
				LD_RUNPATH_SEARCH_PATHS = "$(inherited) @executable_path/Frameworks";
				PRODUCT_BUNDLE_IDENTIFIER = com.maxkazakov.Howmuch;
				PRODUCT_NAME = "$(TARGET_NAME)";
				PROVISIONING_PROFILE = "";
				PROVISIONING_PROFILE_SPECIFIER = "";
				SWIFT_OPTIMIZATION_LEVEL = "-Onone";
				SWIFT_VERSION = 4.0;
				TARGETED_DEVICE_FAMILY = "1,2";
				VERSIONING_SYSTEM = "apple-generic";
			};
			name = Debug;
		};
		8B0D6B0F1EFA582C00544F3D /* Release */ = {
			isa = XCBuildConfiguration;
			baseConfigurationReference = 0233AE9863A582D26B4BD263 /* Pods-HowMuch.release.xcconfig */;
			buildSettings = {
				ASSETCATALOG_COMPILER_APPICON_NAME = AppIcon;
				CLANG_ENABLE_MODULES = YES;
				"CODE_SIGN_IDENTITY[sdk=iphoneos*]" = "iPhone Developer";
				CODE_SIGN_STYLE = Automatic;
				CURRENT_PROJECT_VERSION = 6;
				DEVELOPMENT_TEAM = U8743T8Z48;
				ENABLE_BITCODE = NO;
				INFOPLIST_FILE = HowMuch/Info.plist;
				LD_RUNPATH_SEARCH_PATHS = "$(inherited) @executable_path/Frameworks";
				PRODUCT_BUNDLE_IDENTIFIER = com.maxkazakov.Howmuch;
				PRODUCT_NAME = "$(TARGET_NAME)";
				PROVISIONING_PROFILE = "";
				PROVISIONING_PROFILE_SPECIFIER = "";
				"PROVISIONING_PROFILE_SPECIFIER[sdk=*]" = "";
				SWIFT_VERSION = 4.0;
				TARGETED_DEVICE_FAMILY = "1,2";
				VERSIONING_SYSTEM = "apple-generic";
			};
			name = Release;
		};
		9B6FEAF42009F08600CEF94F /* Debug */ = {
			isa = XCBuildConfiguration;
			baseConfigurationReference = 2817110E861B36A6FF58762E /* Pods-HowMuchTests.debug.xcconfig */;
			buildSettings = {
				BUNDLE_LOADER = "$(TEST_HOST)";
				CLANG_WARN_NON_LITERAL_NULL_CONVERSION = YES;
				CLANG_WARN_OBJC_LITERAL_CONVERSION = YES;
				CODE_SIGN_STYLE = Automatic;
				DEVELOPMENT_TEAM = U8743T8Z48;
				INFOPLIST_FILE = HowMuchTests/Info.plist;
				IPHONEOS_DEPLOYMENT_TARGET = 11.2;
				LD_RUNPATH_SEARCH_PATHS = "$(inherited) @executable_path/Frameworks @loader_path/Frameworks";
				PRODUCT_BUNDLE_IDENTIFIER = com.maxkazakov.HowMuchTests;
				PRODUCT_NAME = "$(TARGET_NAME)";
				SWIFT_VERSION = 4.0;
				TARGETED_DEVICE_FAMILY = "1,2";
				TEST_HOST = "$(BUILT_PRODUCTS_DIR)/HowMuch.app/HowMuch";
			};
			name = Debug;
		};
		9B6FEAF52009F08600CEF94F /* Release */ = {
			isa = XCBuildConfiguration;
			baseConfigurationReference = 0AE62B4875EF967C82788C8C /* Pods-HowMuchTests.release.xcconfig */;
			buildSettings = {
				BUNDLE_LOADER = "$(TEST_HOST)";
				CLANG_WARN_NON_LITERAL_NULL_CONVERSION = YES;
				CLANG_WARN_OBJC_LITERAL_CONVERSION = YES;
				CODE_SIGN_STYLE = Automatic;
				DEVELOPMENT_TEAM = U8743T8Z48;
				INFOPLIST_FILE = HowMuchTests/Info.plist;
				IPHONEOS_DEPLOYMENT_TARGET = 11.2;
				LD_RUNPATH_SEARCH_PATHS = "$(inherited) @executable_path/Frameworks @loader_path/Frameworks";
				PRODUCT_BUNDLE_IDENTIFIER = com.maxkazakov.HowMuchTests;
				PRODUCT_NAME = "$(TARGET_NAME)";
				SWIFT_VERSION = 4.0;
				TARGETED_DEVICE_FAMILY = "1,2";
				TEST_HOST = "$(BUILT_PRODUCTS_DIR)/HowMuch.app/HowMuch";
			};
			name = Release;
		};
/* End XCBuildConfiguration section */

/* Begin XCConfigurationList section */
		8B0D6AF61EFA582B00544F3D /* Build configuration list for PBXProject "HowMuch" */ = {
			isa = XCConfigurationList;
			buildConfigurations = (
				8B0D6B0B1EFA582C00544F3D /* Debug */,
				8B0D6B0C1EFA582C00544F3D /* Release */,
			);
			defaultConfigurationIsVisible = 0;
			defaultConfigurationName = Release;
		};
		8B0D6B0D1EFA582C00544F3D /* Build configuration list for PBXNativeTarget "HowMuch" */ = {
			isa = XCConfigurationList;
			buildConfigurations = (
				8B0D6B0E1EFA582C00544F3D /* Debug */,
				8B0D6B0F1EFA582C00544F3D /* Release */,
			);
			defaultConfigurationIsVisible = 0;
			defaultConfigurationName = Release;
		};
		9B6FEAF32009F08600CEF94F /* Build configuration list for PBXNativeTarget "HowMuchTests" */ = {
			isa = XCConfigurationList;
			buildConfigurations = (
				9B6FEAF42009F08600CEF94F /* Debug */,
				9B6FEAF52009F08600CEF94F /* Release */,
			);
			defaultConfigurationIsVisible = 0;
			defaultConfigurationName = Release;
		};
/* End XCConfigurationList section */
	};
	rootObject = 8B0D6AF31EFA582B00544F3D /* Project object */;
}
